
Microsoft Visual Studio Solution File, Format Version 12.00
# Visual Studio Version 16
VisualStudioVersion = 16.0.31321.278
MinimumVisualStudioVersion = 10.0.40219.1
Project("{9A19103F-16F7-4668-BE54-9A1E7A4F7556}") = "Net5ByDocker", "Net5ByDocker.csproj", "{FADA1091-95EF-493F-9410-5B88A6056988}"
EndProject
Project("{FAE04EC0-301F-11D3-BF4B-00C04F79EFBC}") = "CoreEmpty", "..\CoreEmpty\CoreEmpty.csproj", "{A30FF085-0625-4FB7-83DA-0F0FB17646C5}"
EndProject
Global
	GlobalSection(SolutionConfigurationPlatforms) = preSolution
		Debug|Any CPU = Debug|Any CPU
		Release|Any CPU = Release|Any CPU
	EndGlobalSection
	GlobalSection(ProjectConfigurationPlatforms) = postSolution
		{FADA1091-95EF-493F-9410-5B88A6056988}.Debug|Any CPU.ActiveCfg = Debug|Any CPU
		{FADA1091-95EF-493F-9410-5B88A6056988}.Debug|Any CPU.Build.0 = Debug|Any CPU
		{FADA1091-95EF-493F-9410-5B88A6056988}.Release|Any CPU.ActiveCfg = Release|Any CPU
		{FADA1091-95EF-493F-9410-5B88A6056988}.Release|Any CPU.Build.0 = Release|Any CPU
		{A30FF085-0625-4FB7-83DA-0F0FB17646C5}.Debug|Any CPU.ActiveCfg = Debug|Any CPU
		{A30FF085-0625-4FB7-83DA-0F0FB17646C5}.Debug|Any CPU.Build.0 = Debug|Any CPU
		{A30FF085-0625-4FB7-83DA-0F0FB17646C5}.Release|Any CPU.ActiveCfg = Release|Any CPU
		{A30FF085-0625-4FB7-83DA-0F0FB17646C5}.Release|Any CPU.Build.0 = Release|Any CPU
	EndGlobalSection
	GlobalSection(SolutionProperties) = preSolution
		HideSolutionNode = FALSE
	EndGlobalSection
	GlobalSection(ExtensibilityGlobals) = postSolution
		SolutionGuid = {5E09D7A5-C9C2-40C9-AF52-1B051A6AD0E1}
	EndGlobalSection
EndGlobal
